
Microsoft Visual Studio Solution File, Format Version 12.00
# Visual Studio Version 17
VisualStudioVersion = 17.0.31903.59
MinimumVisualStudioVersion = 10.0.40219.1
Project("{2150E333-8FDC-42A3-9474-1A3956D46DE8}") = "src", "src", "{827E0CD3-B72D-47B6-A68D-7590B98EB39B}"
EndProject
Project("{FAE04EC0-301F-11D3-BF4B-00C04F79EFBC}") = "Battle.Contracts", "src\Battle.Contracts\Battle.Contracts.csproj", "{906F3AF9-8834-46D7-9848-FBA20816303E}"
EndProject
Project("{FAE04EC0-301F-11D3-BF4B-00C04F79EFBC}") = "Battle.Core", "src\Battle.Core\Battle.Core.csproj", "{97371021-C97B-49F0-B29D-7D44FF40D746}"
EndProject
Project("{FAE04EC0-301F-11D3-BF4B-00C04F79EFBC}") = "Battle.Config", "src\Battle.Config\Battle.Config.csproj", "{9F8FAF63-8AA8-4A73-BE74-6F1DDFC0BFF9}"
EndProject
Project("{FAE04EC0-301F-11D3-BF4B-00C04F79EFBC}") = "Battle.Replay", "src\Battle.Replay\Battle.Replay.csproj", "{F6132787-77BE-4D58-9C18-9CF48B4AD793}"
EndProject
Project("{FAE04EC0-301F-11D3-BF4B-00C04F79EFBC}") = "CombatLab.Runner", "src\CombatLab.Runner\CombatLab.Runner.csproj", "{E7F17E7B-AF08-4234-B195-92D7414D7354}"
EndProject
Project("{FAE04EC0-301F-11D3-BF4B-00C04F79EFBC}") = "CombatLab.Cli", "src\CombatLab.Cli\CombatLab.Cli.csproj", "{46A4692F-12DF-42F9-A504-83FCDF726374}"
EndProject
Project("{2150E333-8FDC-42A3-9474-1A3956D46DE8}") = "tests", "tests", "{0AB3BF05-4346-4AA6-1389-037BE0695223}"
EndProject
Project("{FAE04EC0-301F-11D3-BF4B-00C04F79EFBC}") = "Battle.Core.UnitTests", "tests\Battle.Core.UnitTests\Battle.Core.UnitTests.csproj", "{53F38E5A-EEAC-494B-AD81-752DD19B04C2}"
EndProject
Project("{FAE04EC0-301F-11D3-BF4B-00C04F79EFBC}") = "Battle.ConformanceTests", "tests\Battle.ConformanceTests\Battle.ConformanceTests.csproj", "{FC318C72-7B2C-445D-A36B-1D27D539036C}"
EndProject
Project("{FAE04EC0-301F-11D3-BF4B-00C04F79EFBC}") = "CombatLab.IntegrationTests", "tests\CombatLab.IntegrationTests\CombatLab.IntegrationTests.csproj", "{B932098F-73B4-4650-A01E-A1F65BD27DD2}"
EndProject
Project("{FAE04EC0-301F-11D3-BF4B-00C04F79EFBC}") = "CombatLab.PerformanceTests", "tests\CombatLab.PerformanceTests\CombatLab.PerformanceTests.csproj", "{7EE0AC28-E95A-4178-8868-C8DBBA934FDE}"
EndProject
Global
	GlobalSection(SolutionConfigurationPlatforms) = preSolution
		Debug|Any CPU = Debug|Any CPU
		Debug|x64 = Debug|x64
		Debug|x86 = Debug|x86
		Release|Any CPU = Release|Any CPU
		Release|x64 = Release|x64
		Release|x86 = Release|x86
	EndGlobalSection
	GlobalSection(ProjectConfigurationPlatforms) = postSolution
		{906F3AF9-8834-46D7-9848-FBA20816303E}.Debug|Any CPU.ActiveCfg = Debug|Any CPU
		{906F3AF9-8834-46D7-9848-FBA20816303E}.Debug|Any CPU.Build.0 = Debug|Any CPU
		{906F3AF9-8834-46D7-9848-FBA20816303E}.Debug|x64.ActiveCfg = Debug|Any CPU
		{906F3AF9-8834-46D7-9848-FBA20816303E}.Debug|x64.Build.0 = Debug|Any CPU
		{906F3AF9-8834-46D7-9848-FBA20816303E}.Debug|x86.ActiveCfg = Debug|Any CPU
		{906F3AF9-8834-46D7-9848-FBA20816303E}.Debug|x86.Build.0 = Debug|Any CPU
		{906F3AF9-8834-46D7-9848-FBA20816303E}.Release|Any CPU.ActiveCfg = Release|Any CPU
		{906F3AF9-8834-46D7-9848-FBA20816303E}.Release|Any CPU.Build.0 = Release|Any CPU
		{906F3AF9-8834-46D7-9848-FBA20816303E}.Release|x64.ActiveCfg = Release|Any CPU
		{906F3AF9-8834-46D7-9848-FBA20816303E}.Release|x64.Build.0 = Release|Any CPU
		{906F3AF9-8834-46D7-9848-FBA20816303E}.Release|x86.ActiveCfg = Release|Any CPU
		{906F3AF9-8834-46D7-9848-FBA20816303E}.Release|x86.Build.0 = Release|Any CPU
		{97371021-C97B-49F0-B29D-7D44FF40D746}.Debug|Any CPU.ActiveCfg = Debug|Any CPU
		{97371021-C97B-49F0-B29D-7D44FF40D746}.Debug|Any CPU.Build.0 = Debug|Any CPU
		{97371021-C97B-49F0-B29D-7D44FF40D746}.Debug|x64.ActiveCfg = Debug|Any CPU
		{97371021-C97B-49F0-B29D-7D44FF40D746}.Debug|x64.Build.0 = Debug|Any CPU
		{97371021-C97B-49F0-B29D-7D44FF40D746}.Debug|x86.ActiveCfg = Debug|Any CPU
		{97371021-C97B-49F0-B29D-7D44FF40D746}.Debug|x86.Build.0 = Debug|Any CPU
		{97371021-C97B-49F0-B29D-7D44FF40D746}.Release|Any CPU.ActiveCfg = Release|Any CPU
		{97371021-C97B-49F0-B29D-7D44FF40D746}.Release|Any CPU.Build.0 = Release|Any CPU
		{97371021-C97B-49F0-B29D-7D44FF40D746}.Release|x64.ActiveCfg = Release|Any CPU
		{97371021-C97B-49F0-B29D-7D44FF40D746}.Release|x64.Build.0 = Release|Any CPU
		{97371021-C97B-49F0-B29D-7D44FF40D746}.Release|x86.ActiveCfg = Release|Any CPU
		{97371021-C97B-49F0-B29D-7D44FF40D746}.Release|x86.Build.0 = Release|Any CPU
		{9F8FAF63-8AA8-4A73-BE74-6F1DDFC0BFF9}.Debug|Any CPU.ActiveCfg = Debug|Any CPU
		{9F8FAF63-8AA8-4A73-BE74-6F1DDFC0BFF9}.Debug|Any CPU.Build.0 = Debug|Any CPU
		{9F8FAF63-8AA8-4A73-BE74-6F1DDFC0BFF9}.Debug|x64.ActiveCfg = Debug|Any CPU
		{9F8FAF63-8AA8-4A73-BE74-6F1DDFC0BFF9}.Debug|x64.Build.0 = Debug|Any CPU
		{9F8FAF63-8AA8-4A73-BE74-6F1DDFC0BFF9}.Debug|x86.ActiveCfg = Debug|Any CPU
		{9F8FAF63-8AA8-4A73-BE74-6F1DDFC0BFF9}.Debug|x86.Build.0 = Debug|Any CPU
		{9F8FAF63-8AA8-4A73-BE74-6F1DDFC0BFF9}.Release|Any CPU.ActiveCfg = Release|Any CPU
		{9F8FAF63-8AA8-4A73-BE74-6F1DDFC0BFF9}.Release|Any CPU.Build.0 = Release|Any CPU
		{9F8FAF63-8AA8-4A73-BE74-6F1DDFC0BFF9}.Release|x64.ActiveCfg = Release|Any CPU
		{9F8FAF63-8AA8-4A73-BE74-6F1DDFC0BFF9}.Release|x64.Build.0 = Release|Any CPU
		{9F8FAF63-8AA8-4A73-BE74-6F1DDFC0BFF9}.Release|x86.ActiveCfg = Release|Any CPU
		{9F8FAF63-8AA8-4A73-BE74-6F1DDFC0BFF9}.Release|x86.Build.0 = Release|Any CPU
		{F6132787-77BE-4D58-9C18-9CF48B4AD793}.Debug|Any CPU.ActiveCfg = Debug|Any CPU
		{F6132787-77BE-4D58-9C18-9CF48B4AD793}.Debug|Any CPU.Build.0 = Debug|Any CPU
		{F6132787-77BE-4D58-9C18-9CF48B4AD793}.Debug|x64.ActiveCfg = Debug|Any CPU
		{F6132787-77BE-4D58-9C18-9CF48B4AD793}.Debug|x64.Build.0 = Debug|Any CPU
		{F6132787-77BE-4D58-9C18-9CF48B4AD793}.Debug|x86.ActiveCfg = Debug|Any CPU
		{F6132787-77BE-4D58-9C18-9CF48B4AD793}.Debug|x86.Build.0 = Debug|Any CPU
		{F6132787-77BE-4D58-9C18-9CF48B4AD793}.Release|Any CPU.ActiveCfg = Release|Any CPU
		{F6132787-77BE-4D58-9C18-9CF48B4AD793}.Release|Any CPU.Build.0 = Release|Any CPU
		{F6132787-77BE-4D58-9C18-9CF48B4AD793}.Release|x64.ActiveCfg = Release|Any CPU
		{F6132787-77BE-4D58-9C18-9CF48B4AD793}.Release|x64.Build.0 = Release|Any CPU
		{F6132787-77BE-4D58-9C18-9CF48B4AD793}.Release|x86.ActiveCfg = Release|Any CPU
		{F6132787-77BE-4D58-9C18-9CF48B4AD793}.Release|x86.Build.0 = Release|Any CPU
		{E7F17E7B-AF08-4234-B195-92D7414D7354}.Debug|Any CPU.ActiveCfg = Debug|Any CPU
		{E7F17E7B-AF08-4234-B195-92D7414D7354}.Debug|Any CPU.Build.0 = Debug|Any CPU
		{E7F17E7B-AF08-4234-B195-92D7414D7354}.Debug|x64.ActiveCfg = Debug|Any CPU
		{E7F17E7B-AF08-4234-B195-92D7414D7354}.Debug|x64.Build.0 = Debug|Any CPU
		{E7F17E7B-AF08-4234-B195-92D7414D7354}.Debug|x86.ActiveCfg = Debug|Any CPU
		{E7F17E7B-AF08-4234-B195-92D7414D7354}.Debug|x86.Build.0 = Debug|Any CPU
		{E7F17E7B-AF08-4234-B195-92D7414D7354}.Release|Any CPU.ActiveCfg = Release|Any CPU
		{E7F17E7B-AF08-4234-B195-92D7414D7354}.Release|Any CPU.Build.0 = Release|Any CPU
		{E7F17E7B-AF08-4234-B195-92D7414D7354}.Release|x64.ActiveCfg = Release|Any CPU
		{E7F17E7B-AF08-4234-B195-92D7414D7354}.Release|x64.Build.0 = Release|Any CPU
		{E7F17E7B-AF08-4234-B195-92D7414D7354}.Release|x86.ActiveCfg = Release|Any CPU
		{E7F17E7B-AF08-4234-B195-92D7414D7354}.Release|x86.Build.0 = Release|Any CPU
		{46A4692F-12DF-42F9-A504-83FCDF726374}.Debug|Any CPU.ActiveCfg = Debug|Any CPU
		{46A4692F-12DF-42F9-A504-83FCDF726374}.Debug|Any CPU.Build.0 = Debug|Any CPU
		{46A4692F-12DF-42F9-A504-83FCDF726374}.Debug|x64.ActiveCfg = Debug|Any CPU
		{46A4692F-12DF-42F9-A504-83FCDF726374}.Debug|x64.Build.0 = Debug|Any CPU
		{46A4692F-12DF-42F9-A504-83FCDF726374}.Debug|x86.ActiveCfg = Debug|Any CPU
		{46A4692F-12DF-42F9-A504-83FCDF726374}.Debug|x86.Build.0 = Debug|Any CPU
		{46A4692F-12DF-42F9-A504-83FCDF726374}.Release|Any CPU.ActiveCfg = Release|Any CPU
		{46A4692F-12DF-42F9-A504-83FCDF726374}.Release|Any CPU.Build.0 = Release|Any CPU
		{46A4692F-12DF-42F9-A504-83FCDF726374}.Release|x64.ActiveCfg = Release|Any CPU
		{46A4692F-12DF-42F9-A504-83FCDF726374}.Release|x64.Build.0 = Release|Any CPU
		{46A4692F-12DF-42F9-A504-83FCDF726374}.Release|x86.ActiveCfg = Release|Any CPU
		{46A4692F-12DF-42F9-A504-83FCDF726374}.Release|x86.Build.0 = Release|Any CPU
		{53F38E5A-EEAC-494B-AD81-752DD19B04C2}.Debug|Any CPU.ActiveCfg = Debug|Any CPU
		{53F38E5A-EEAC-494B-AD81-752DD19B04C2}.Debug|Any CPU.Build.0 = Debug|Any CPU
		{53F38E5A-EEAC-494B-AD81-752DD19B04C2}.Debug|x64.ActiveCfg = Debug|Any CPU
		{53F38E5A-EEAC-494B-AD81-752DD19B04C2}.Debug|x64.Build.0 = Debug|Any CPU
		{53F38E5A-EEAC-494B-AD81-752DD19B04C2}.Debug|x86.ActiveCfg = Debug|Any CPU
		{53F38E5A-EEAC-494B-AD81-752DD19B04C2}.Debug|x86.Build.0 = Debug|Any CPU
		{53F38E5A-EEAC-494B-AD81-752DD19B04C2}.Release|Any CPU.ActiveCfg = Release|Any CPU
		{53F38E5A-EEAC-494B-AD81-752DD19B04C2}.Release|Any CPU.Build.0 = Release|Any CPU
		{53F38E5A-EEAC-494B-AD81-752DD19B04C2}.Release|x64.ActiveCfg = Release|Any CPU
		{53F38E5A-EEAC-494B-AD81-752DD19B04C2}.Release|x64.Build.0 = Release|Any CPU
		{53F38E5A-EEAC-494B-AD81-752DD19B04C2}.Release|x86.ActiveCfg = Release|Any CPU
		{53F38E5A-EEAC-494B-AD81-752DD19B04C2}.Release|x86.Build.0 = Release|Any CPU
		{FC318C72-7B2C-445D-A36B-1D27D539036C}.Debug|Any CPU.ActiveCfg = Debug|Any CPU
		{FC318C72-7B2C-445D-A36B-1D27D539036C}.Debug|Any CPU.Build.0 = Debug|Any CPU
		{FC318C72-7B2C-445D-A36B-1D27D539036C}.Debug|x64.ActiveCfg = Debug|Any CPU
		{FC318C72-7B2C-445D-A36B-1D27D539036C}.Debug|x64.Build.0 = Debug|Any CPU
		{FC318C72-7B2C-445D-A36B-1D27D539036C}.Debug|x86.ActiveCfg = Debug|Any CPU
		{FC318C72-7B2C-445D-A36B-1D27D539036C}.Debug|x86.Build.0 = Debug|Any CPU
		{FC318C72-7B2C-445D-A36B-1D27D539036C}.Release|Any CPU.ActiveCfg = Release|Any CPU
		{FC318C72-7B2C-445D-A36B-1D27D539036C}.Release|Any CPU.Build.0 = Release|Any CPU
		{FC318C72-7B2C-445D-A36B-1D27D539036C}.Release|x64.ActiveCfg = Release|Any CPU
		{FC318C72-7B2C-445D-A36B-1D27D539036C}.Release|x64.Build.0 = Release|Any CPU
		{FC318C72-7B2C-445D-A36B-1D27D539036C}.Release|x86.ActiveCfg = Release|Any CPU
		{FC318C72-7B2C-445D-A36B-1D27D539036C}.Release|x86.Build.0 = Release|Any CPU
		{B932098F-73B4-4650-A01E-A1F65BD27DD2}.Debug|Any CPU.ActiveCfg = Debug|Any CPU
		{B932098F-73B4-4650-A01E-A1F65BD27DD2}.Debug|Any CPU.Build.0 = Debug|Any CPU
		{B932098F-73B4-4650-A01E-A1F65BD27DD2}.Debug|x64.ActiveCfg = Debug|Any CPU
		{B932098F-73B4-4650-A01E-A1F65BD27DD2}.Debug|x64.Build.0 = Debug|Any CPU
		{B932098F-73B4-4650-A01E-A1F65BD27DD2}.Debug|x86.ActiveCfg = Debug|Any CPU
		{B932098F-73B4-4650-A01E-A1F65BD27DD2}.Debug|x86.Build.0 = Debug|Any CPU
		{B932098F-73B4-4650-A01E-A1F65BD27DD2}.Release|Any CPU.ActiveCfg = Release|Any CPU
		{B932098F-73B4-4650-A01E-A1F65BD27DD2}.Release|Any CPU.Build.0 = Release|Any CPU
		{B932098F-73B4-4650-A01E-A1F65BD27DD2}.Release|x64.ActiveCfg = Release|Any CPU
		{B932098F-73B4-4650-A01E-A1F65BD27DD2}.Release|x64.Build.0 = Release|Any CPU
		{B932098F-73B4-4650-A01E-A1F65BD27DD2}.Release|x86.ActiveCfg = Release|Any CPU
		{B932098F-73B4-4650-A01E-A1F65BD27DD2}.Release|x86.Build.0 = Release|Any CPU
		{7EE0AC28-E95A-4178-8868-C8DBBA934FDE}.Debug|Any CPU.ActiveCfg = Debug|Any CPU
		{7EE0AC28-E95A-4178-8868-C8DBBA934FDE}.Debug|Any CPU.Build.0 = Debug|Any CPU
		{7EE0AC28-E95A-4178-8868-C8DBBA934FDE}.Debug|x64.ActiveCfg = Debug|Any CPU
		{7EE0AC28-E95A-4178-8868-C8DBBA934FDE}.Debug|x64.Build.0 = Debug|Any CPU
		{7EE0AC28-E95A-4178-8868-C8DBBA934FDE}.Debug|x86.ActiveCfg = Debug|Any CPU
		{7EE0AC28-E95A-4178-8868-C8DBBA934FDE}.Debug|x86.Build.0 = Debug|Any CPU
		{7EE0AC28-E95A-4178-8868-C8DBBA934FDE}.Release|Any CPU.ActiveCfg = Release|Any CPU
		{7EE0AC28-E95A-4178-8868-C8DBBA934FDE}.Release|Any CPU.Build.0 = Release|Any CPU
		{7EE0AC28-E95A-4178-8868-C8DBBA934FDE}.Release|x64.ActiveCfg = Release|Any CPU
		{7EE0AC28-E95A-4178-8868-C8DBBA934FDE}.Release|x64.Build.0 = Release|Any CPU
		{7EE0AC28-E95A-4178-8868-C8DBBA934FDE}.Release|x86.ActiveCfg = Release|Any CPU
		{7EE0AC28-E95A-4178-8868-C8DBBA934FDE}.Release|x86.Build.0 = Release|Any CPU
	EndGlobalSection
	GlobalSection(SolutionProperties) = preSolution
		HideSolutionNode = FALSE
	EndGlobalSection
	GlobalSection(NestedProjects) = preSolution
		{906F3AF9-8834-46D7-9848-FBA20816303E} = {827E0CD3-B72D-47B6-A68D-7590B98EB39B}
		{97371021-C97B-49F0-B29D-7D44FF40D746} = {827E0CD3-B72D-47B6-A68D-7590B98EB39B}
		{9F8FAF63-8AA8-4A73-BE74-6F1DDFC0BFF9} = {827E0CD3-B72D-47B6-A68D-7590B98EB39B}
		{F6132787-77BE-4D58-9C18-9CF48B4AD793} = {827E0CD3-B72D-47B6-A68D-7590B98EB39B}
		{E7F17E7B-AF08-4234-B195-92D7414D7354} = {827E0CD3-B72D-47B6-A68D-7590B98EB39B}
		{46A4692F-12DF-42F9-A504-83FCDF726374} = {827E0CD3-B72D-47B6-A68D-7590B98EB39B}
		{53F38E5A-EEAC-494B-AD81-752DD19B04C2} = {0AB3BF05-4346-4AA6-1389-037BE0695223}
		{FC318C72-7B2C-445D-A36B-1D27D539036C} = {0AB3BF05-4346-4AA6-1389-037BE0695223}
		{B932098F-73B4-4650-A01E-A1F65BD27DD2} = {0AB3BF05-4346-4AA6-1389-037BE0695223}
		{7EE0AC28-E95A-4178-8868-C8DBBA934FDE} = {0AB3BF05-4346-4AA6-1389-037BE0695223}
	EndGlobalSection
EndGlobal
